
Microsoft Visual Studio Solution File, Format Version 12.00
# Visual Studio Version 17
VisualStudioVersion = 17.11.35327.3
MinimumVisualStudioVersion = 10.0.40219.1
Project("{FAE04EC0-301F-11D3-BF4B-00C04F79EFBC}") = "Prroject", "Prroject.csproj", "{91D3ABF6-BA04-44FD-B304-F8A07C8A1A02}"
EndProject
Global
	GlobalSection(SolutionConfigurationPlatforms) = preSolution
		Debug|Any CPU = Debug|Any CPU
		Release|Any CPU = Release|Any CPU
	EndGlobalSection
	GlobalSection(ProjectConfigurationPlatforms) = postSolution
		{91D3ABF6-BA04-44FD-B304-F8A07C8A1A02}.Debug|Any CPU.ActiveCfg = Debug|Any CPU
		{91D3ABF6-BA04-44FD-B304-F8A07C8A1A02}.Debug|Any CPU.Build.0 = Debug|Any CPU
		{91D3ABF6-BA04-44FD-B304-F8A07C8A1A02}.Release|Any CPU.ActiveCfg = Release|Any CPU
		{91D3ABF6-BA04-44FD-B304-F8A07C8A1A02}.Release|Any CPU.Build.0 = Release|Any CPU
	EndGlobalSection
	GlobalSection(SolutionProperties) = preSolution
		HideSolutionNode = FALSE
	EndGlobalSection
	GlobalSection(ExtensibilityGlobals) = postSolution
		SolutionGuid = {C0D102F1-CDF3-4CAD-97E4-5FFB0E49A5F4}
	EndGlobalSection
EndGlobal
